
Microsoft Visual Studio Solution File, Format Version 12.00
# Visual Studio Version 16
VisualStudioVersion = 16.0.30104.148
MinimumVisualStudioVersion = 10.0.40219.1
Project("{FAE04EC0-301F-11D3-BF4B-00C04F79EFBC}") = "ProyectoAngularJS", "ProyectoAngularJS\ProyectoAngularJS.csproj", "{07D839A3-72EF-4E4A-A37E-D9F8631A6311}"
EndProject
Global
	GlobalSection(SolutionConfigurationPlatforms) = preSolution
		Debug|Any CPU = Debug|Any CPU
		Release|Any CPU = Release|Any CPU
	EndGlobalSection
	GlobalSection(ProjectConfigurationPlatforms) = postSolution
		{07D839A3-72EF-4E4A-A37E-D9F8631A6311}.Debug|Any CPU.ActiveCfg = Debug|Any CPU
		{07D839A3-72EF-4E4A-A37E-D9F8631A6311}.Debug|Any CPU.Build.0 = Debug|Any CPU
		{07D839A3-72EF-4E4A-A37E-D9F8631A6311}.Release|Any CPU.ActiveCfg = Release|Any CPU
		{07D839A3-72EF-4E4A-A37E-D9F8631A6311}.Release|Any CPU.Build.0 = Release|Any CPU
	EndGlobalSection
	GlobalSection(SolutionProperties) = preSolution
		HideSolutionNode = FALSE
	EndGlobalSection
	GlobalSection(ExtensibilityGlobals) = postSolution
		SolutionGuid = {DEEFB21E-8104-4CFE-8FBF-751E0A03407A}
	EndGlobalSection
EndGlobal
